
Microsoft Visual Studio Solution File, Format Version 12.00
# Visual Studio Version 17
VisualStudioVersion = 17.0.32002.185
MinimumVisualStudioVersion = 10.0.40219.1
Project("{FAE04EC0-301F-11D3-BF4B-00C04F79EFBC}") = "RockPaperScissors", "RockPaperSciccors\RockPaperScissors.csproj", "{B93AD17E-71CD-46E0-AFFB-11F926E419B4}"
EndProject
Project("{FAE04EC0-301F-11D3-BF4B-00C04F79EFBC}") = "RockPaperScissorsTest", "RockPaperSciccorsTest\RockPaperScissorsTest.csproj", "{343C4007-87FF-4F52-A7EB-B7FDB653F706}"
EndProject
Global
	GlobalSection(SolutionConfigurationPlatforms) = preSolution
		Debug|Any CPU = Debug|Any CPU
		Release|Any CPU = Release|Any CPU
	EndGlobalSection
	GlobalSection(ProjectConfigurationPlatforms) = postSolution
		{B93AD17E-71CD-46E0-AFFB-11F926E419B4}.Debug|Any CPU.ActiveCfg = Debug|Any CPU
		{B93AD17E-71CD-46E0-AFFB-11F926E419B4}.Debug|Any CPU.Build.0 = Debug|Any CPU
		{B93AD17E-71CD-46E0-AFFB-11F926E419B4}.Release|Any CPU.ActiveCfg = Release|Any CPU
		{B93AD17E-71CD-46E0-AFFB-11F926E419B4}.Release|Any CPU.Build.0 = Release|Any CPU
		{343C4007-87FF-4F52-A7EB-B7FDB653F706}.Debug|Any CPU.ActiveCfg = Debug|Any CPU
		{343C4007-87FF-4F52-A7EB-B7FDB653F706}.Debug|Any CPU.Build.0 = Debug|Any CPU
		{343C4007-87FF-4F52-A7EB-B7FDB653F706}.Release|Any CPU.ActiveCfg = Release|Any CPU
		{343C4007-87FF-4F52-A7EB-B7FDB653F706}.Release|Any CPU.Build.0 = Release|Any CPU
	EndGlobalSection
	GlobalSection(SolutionProperties) = preSolution
		HideSolutionNode = FALSE
	EndGlobalSection
	GlobalSection(ExtensibilityGlobals) = postSolution
		SolutionGuid = {D373F94E-77D3-4F20-BA61-E663BB637012}
	EndGlobalSection
EndGlobal
